// !$*UTF8*$!
{
	archiveVersion = 1;
	classes = {
	};
	objectVersion = 46;
	objects = {

/* Begin PBXBuildFile section */
		13DFA4721CC97DBC003CA916 /* main.cpp in Sources */ = {isa = PBXBuildFile; fileRef = 13DFA4711CC97DBC003CA916 /* main.cpp */; };
/* End PBXBuildFile section */

/* Begin PBXCopyFilesBuildPhase section */
		13DFA46C1CC97DBC003CA916 /* CopyFiles */ = {
			isa = PBXCopyFilesBuildPhase;
			buildActionMask = 2147483647;
			dstPath = /usr/share/man/man1/;
			dstSubfolderSpec = 0;
			files = (
			);
			runOnlyForDeploymentPostprocessing = 1;
		};
/* End PBXCopyFilesBuildPhase section */

/* Begin PBXFileReference section */
		13DFA46E1CC97DBC003CA916 /* 4.AL.TP */ = {isa = PBXFileReference; explicitFileType = "compiled.mach-o.executable"; includeInIndex = 0; path = 4.AL.TP; sourceTree = BUILT_PRODUCTS_DIR; };
		13DFA4711CC97DBC003CA916 /* main.cpp */ = {isa = PBXFileReference; lastKnownFileType = sourcecode.cpp.cpp; path = main.cpp; sourceTree = "<group>"; };
/* End PBXFileReference section */

/* Begin PBXFrameworksBuildPhase section */
		13DFA46B1CC97DBC003CA916 /* Frameworks */ = {
			isa = PBXFrameworksBuildPhase;
			buildActionMask = 2147483647;
			files = (
			);
			runOnlyForDeploymentPostprocessing = 0;
		};
/* End PBXFrameworksBuildPhase section */

/* Begin PBXGroup section */
		13DFA4651CC97DBC003CA916 = {
			isa = PBXGroup;
			children = (
				13DFA4701CC97DBC003CA916 /* 4.AL.TP */,
				13DFA46F1CC97DBC003CA916 /* Products */,
			);
			sourceTree = "<group>";
		};
		13DFA46F1CC97DBC003CA916 /* Products */ = {
			isa = PBXGroup;
			children = (
				13DFA46E1CC97DBC003CA916 /* 4.AL.TP */,
			);
			name = Products;
			sourceTree = "<group>";
		};
		13DFA4701CC97DBC003CA916 /* 4.AL.TP */ = {
			isa = PBXGroup;
			children = (
				13DFA4711CC97DBC003CA916 /* main.cpp */,
			);
			path = 4.AL.TP;
			sourceTree = "<group>";
		};
/* End PBXGroup section */

/* Begin PBXNativeTarget section */
		13DFA46D1CC97DBC003CA916 /* 4.AL.TP */ = {
			isa = PBXNativeTarget;
			buildConfigurationList = 13DFA4751CC97DBC003CA916 /* Build configuration list for PBXNativeTarget "4.AL.TP" */;
			buildPhases = (
				13DFA46A1CC97DBC003CA916 /* Sources */,
				13DFA46B1CC97DBC003CA916 /* Frameworks */,
				13DFA46C1CC97DBC003CA916 /* CopyFiles */,
			);
			buildRules = (
			);
			dependencies = (
			);
			name = 4.AL.TP;
			productName = 4.AL.TP;
			productReference = 13DFA46E1CC97DBC003CA916 /* 4.AL.TP */;
			productType = "com.apple.product-type.tool";
		};
/* End PBXNativeTarget section */

/* Begin PBXProject section */
		13DFA4661CC97DBC003CA916 /* Project object */ = {
			isa = PBXProject;
			attributes = {
				LastUpgradeCheck = 0730;
				ORGANIZATIONNAME = "Егор";
				TargetAttributes = {
					13DFA46D1CC97DBC003CA916 = {
						CreatedOnToolsVersion = 7.3;
					};
				};
			};
			buildConfigurationList = 13DFA4691CC97DBC003CA916 /* Build configuration list for PBXProject "4.AL.TP" */;
			compatibilityVersion = "Xcode 3.2";
			developmentRegion = English;
			hasScannedForEncodings = 0;
			knownRegions = (
				en,
			);
			mainGroup = 13DFA4651CC97DBC003CA916;
			productRefGroup = 13DFA46F1CC97DBC003CA916 /* Products */;
			projectDirPath = "";
			projectRoot = "";
			targets = (
				13DFA46D1CC97DBC003CA916 /* 4.AL.TP */,
			);
		};
/* End PBXProject section */

/* Begin PBXSourcesBuildPhase section */
		13DFA46A1CC97DBC003CA916 /* Sources */ = {
			isa = PBXSourcesBuildPhase;
			buildActionMask = 2147483647;
			files = (
				13DFA4721CC97DBC003CA916 /* main.cpp in Sources */,
			);
			runOnlyForDeploymentPostprocessing = 0;
		};
/* End PBXSourcesBuildPhase section */

/* Begin XCBuildConfiguration section */
		13DFA4731CC97DBC003CA916 /* Debug */ = {
			isa = XCBuildConfiguration;
			buildSettings = {
				ALWAYS_SEARCH_USER_PATHS = NO;
				CLANG_ANALYZER_NONNULL = YES;
				CLANG_CXX_LANGUAGE_STANDARD = "gnu++0x";
				CLANG_CXX_LIBRARY = "libc++";
				CLANG_ENABLE_MODULES = YES;
				CLANG_ENABLE_OBJC_ARC = YES;
				CLANG_WARN_BOOL_CONVERSION = YES;
				CLANG_WARN_CONSTANT_CONVERSION = YES;
				CLANG_WARN_DIRECT_OBJC_ISA_USAGE = YES_ERROR;
				CLANG_WARN_EMPTY_BODY = YES;
				CLANG_WARN_ENUM_CONVERSION = YES;
				CLANG_WARN_INT_CONVERSION = YES;
				CLANG_WARN_OBJC_ROOT_CLASS = YES_ERROR;
				CLANG_WARN_UNREACHABLE_CODE = YES;
				CLANG_WARN__DUPLICATE_METHOD_MATCH = YES;
				CODE_SIGN_IDENTITY = "-";
				COPY_PHASE_STRIP = NO;
				DEBUG_INFORMATION_FORMAT = dwarf;
				ENABLE_STRICT_OBJC_MSGSEND = YES;
				ENABLE_TESTABILITY = YES;
				GCC_C_LANGUAGE_STANDARD = gnu99;
				GCC_DYNAMIC_NO_PIC = NO;
				GCC_NO_COMMON_BLOCKS = YES;
				GCC_OPTIMIZATION_LEVEL = 0;
				GCC_PREPROCESSOR_DEFINITIONS = (
					"DEBUG=1",
					"$(inherited)",
				);
				GCC_WARN_64_TO_32_BIT_CONVERSION = YES;
				GCC_WARN_ABOUT_RETURN_TYPE = YES_ERROR;
				GCC_WARN_UNDECLARED_SELECTOR = YES;
				GCC_WARN_UNINITIALIZED_AUTOS = YES_AGGRESSIVE;
				GCC_WARN_UNUSED_FUNCTION = YES;
				GCC_WARN_UNUSED_VARIABLE = YES;
				MACOSX_DEPLOYMENT_TARGET = 10.11;
				MTL_ENABLE_DEBUG_INFO = YES;
				ONLY_ACTIVE_ARCH = YES;
				SDKROOT = macosx;
			};
			name = Debug;
		};
		13DFA4741CC97DBC003CA916 /* Release */ = {
			isa = XCBuildConfiguration;
			buildSettings = {
				ALWAYS_SEARCH_USER_PATHS = NO;
				CLANG_ANALYZER_NONNULL = YES;
				CLANG_CXX_LANGUAGE_STANDARD = "gnu++0x";
				CLANG_CXX_LIBRARY = "libc++";
				CLANG_ENABLE_MODULES = YES;
				CLANG_ENABLE_OBJC_ARC = YES;
				CLANG_WARN_BOOL_CONVERSION = YES;
				CLANG_WARN_CONSTANT_CONVERSION = YES;
				CLANG_WARN_DIRECT_OBJC_ISA_USAGE = YES_ERROR;
				CLANG_WARN_EMPTY_BODY = YES;
				CLANG_WARN_ENUM_CONVERSION = YES;
				CLANG_WARN_INT_CONVERSION = YES;
				CLANG_WARN_OBJC_ROOT_CLASS = YES_ERROR;
				CLANG_WARN_UNREACHABLE_CODE = YES;
				CLANG_WARN__DUPLICATE_METHOD_MATCH = YES;
				CODE_SIGN_IDENTITY = "-";
				COPY_PHASE_STRIP = NO;
				DEBUG_INFORMATION_FORMAT = "dwarf-with-dsym";
				ENABLE_NS_ASSERTIONS = NO;
				ENABLE_STRICT_OBJC_MSGSEND = YES;
				GCC_C_LANGUAGE_STANDARD = gnu99;
				GCC_NO_COMMON_BLOCKS = YES;
				GCC_WARN_64_TO_32_BIT_CONVERSION = YES;
				GCC_WARN_ABOUT_RETURN_TYPE = YES_ERROR;
				GCC_WARN_UNDECLARED_SELECTOR = YES;
				GCC_WARN_UNINITIALIZED_AUTOS = YES_AGGRESSIVE;
				GCC_WARN_UNUSED_FUNCTION = YES;
				GCC_WARN_UNUSED_VARIABLE = YES;
				MACOSX_DEPLOYMENT_TARGET = 10.11;
				MTL_ENABLE_DEBUG_INFO = NO;
				SDKROOT = macosx;
			};
			name = Release;
		};
		13DFA4761CC97DBC003CA916 /* Debug */ = {
			isa = XCBuildConfiguration;
			buildSettings = {
				PRODUCT_NAME = "$(TARGET_NAME)";
			};
			name = Debug;
		};
		13DFA4771CC97DBC003CA916 /* Release */ = {
			isa = XCBuildConfiguration;
			buildSettings = {
				PRODUCT_NAME = "$(TARGET_NAME)";
			};
			name = Release;
		};
/* End XCBuildConfiguration section */

/* Begin XCConfigurationList section */
		13DFA4691CC97DBC003CA916 /* Build configuration list for PBXProject "4.AL.TP" */ = {
			isa = XCConfigurationList;
			buildConfigurations = (
				13DFA4731CC97DBC003CA916 /* Debug */,
				13DFA4741CC97DBC003CA916 /* Release */,
			);
			defaultConfigurationIsVisible = 0;
			defaultConfigurationName = Release;
		};
		13DFA4751CC97DBC003CA916 /* Build configuration list for PBXNativeTarget "4.AL.TP" */ = {
			isa = XCConfigurationList;
			buildConfigurations = (
				13DFA4761CC97DBC003CA916 /* Debug */,
				13DFA4771CC97DBC003CA916 /* Release */,
			);
			defaultConfigurationIsVisible = 0;
		};
/* End XCConfigurationList section */
	};
	rootObject = 13DFA4661CC97DBC003CA916 /* Project object */;
}
